
Microsoft Visual Studio Solution File, Format Version 12.00
# Visual Studio Version 17
VisualStudioVersion = 17.14.36603.0
MinimumVisualStudioVersion = 10.0.40219.1
Project("{FAE04EC0-301F-11D3-BF4B-00C04F79EFBC}") = "SSEStockPrice", "SSEStockPrice.csproj", "{56CD7A0B-1529-4090-A820-04851AD7024E}"
EndProject
Global
	GlobalSection(SolutionConfigurationPlatforms) = preSolution
		Debug|Any CPU = Debug|Any CPU
		Release|Any CPU = Release|Any CPU
	EndGlobalSection
	GlobalSection(ProjectConfigurationPlatforms) = postSolution
		{56CD7A0B-1529-4090-A820-04851AD7024E}.Debug|Any CPU.ActiveCfg = Debug|Any CPU
		{56CD7A0B-1529-4090-A820-04851AD7024E}.Debug|Any CPU.Build.0 = Debug|Any CPU
		{56CD7A0B-1529-4090-A820-04851AD7024E}.Release|Any CPU.ActiveCfg = Release|Any CPU
		{56CD7A0B-1529-4090-A820-04851AD7024E}.Release|Any CPU.Build.0 = Release|Any CPU
	EndGlobalSection
	GlobalSection(SolutionProperties) = preSolution
		HideSolutionNode = FALSE
	EndGlobalSection
	GlobalSection(ExtensibilityGlobals) = postSolution
		SolutionGuid = {97CB9869-EE94-4706-854E-1B24C9E9D53D}
	EndGlobalSection
EndGlobal
